
Microsoft Visual Studio Solution File, Format Version 12.00
# Visual Studio 14
VisualStudioVersion = 14.0.24720.0
MinimumVisualStudioVersion = 10.0.40219.1
Project("{FAE04EC0-301F-11D3-BF4B-00C04F79EFBC}") = "Ping", "Ping\Ping.csproj", "{D0BF8645-ACF6-4DC9-85B8-FD27EF940085}"
EndProject
Project("{FAE04EC0-301F-11D3-BF4B-00C04F79EFBC}") = "DataSource", "DataSource\DataSource.csproj", "{57363C9B-FB2E-45BB-BA38-B7AB485B2DD7}"
EndProject
Project("{FAE04EC0-301F-11D3-BF4B-00C04F79EFBC}") = "Ping.Test", "Ping.Test\Ping.Test.csproj", "{70A6AD3E-F80B-46F5-A1E3-678CA469E220}"
EndProject
Project("{FAE04EC0-301F-11D3-BF4B-00C04F79EFBC}") = "DAL", "DAL\DAL.csproj", "{AF89E6F7-7BD9-49A5-8807-E798192A2E9E}"
EndProject
Project("{FAE04EC0-301F-11D3-BF4B-00C04F79EFBC}") = "BLL", "BLL\BLL.csproj", "{BAEE9E26-F5EE-431C-B998-0B03E1DE5EDD}"
EndProject
Global
	GlobalSection(SolutionConfigurationPlatforms) = preSolution
		Debug|Any CPU = Debug|Any CPU
		Release|Any CPU = Release|Any CPU
	EndGlobalSection
	GlobalSection(ProjectConfigurationPlatforms) = postSolution
		{D0BF8645-ACF6-4DC9-85B8-FD27EF940085}.Debug|Any CPU.ActiveCfg = Debug|Any CPU
		{D0BF8645-ACF6-4DC9-85B8-FD27EF940085}.Debug|Any CPU.Build.0 = Debug|Any CPU
		{D0BF8645-ACF6-4DC9-85B8-FD27EF940085}.Release|Any CPU.ActiveCfg = Release|Any CPU
		{D0BF8645-ACF6-4DC9-85B8-FD27EF940085}.Release|Any CPU.Build.0 = Release|Any CPU
		{57363C9B-FB2E-45BB-BA38-B7AB485B2DD7}.Debug|Any CPU.ActiveCfg = Debug|Any CPU
		{57363C9B-FB2E-45BB-BA38-B7AB485B2DD7}.Debug|Any CPU.Build.0 = Debug|Any CPU
		{57363C9B-FB2E-45BB-BA38-B7AB485B2DD7}.Release|Any CPU.ActiveCfg = Release|Any CPU
		{57363C9B-FB2E-45BB-BA38-B7AB485B2DD7}.Release|Any CPU.Build.0 = Release|Any CPU
		{70A6AD3E-F80B-46F5-A1E3-678CA469E220}.Debug|Any CPU.ActiveCfg = Debug|Any CPU
		{70A6AD3E-F80B-46F5-A1E3-678CA469E220}.Debug|Any CPU.Build.0 = Debug|Any CPU
		{70A6AD3E-F80B-46F5-A1E3-678CA469E220}.Release|Any CPU.ActiveCfg = Release|Any CPU
		{70A6AD3E-F80B-46F5-A1E3-678CA469E220}.Release|Any CPU.Build.0 = Release|Any CPU
		{AF89E6F7-7BD9-49A5-8807-E798192A2E9E}.Debug|Any CPU.ActiveCfg = Debug|Any CPU
		{AF89E6F7-7BD9-49A5-8807-E798192A2E9E}.Debug|Any CPU.Build.0 = Debug|Any CPU
		{AF89E6F7-7BD9-49A5-8807-E798192A2E9E}.Release|Any CPU.ActiveCfg = Release|Any CPU
		{AF89E6F7-7BD9-49A5-8807-E798192A2E9E}.Release|Any CPU.Build.0 = Release|Any CPU
		{BAEE9E26-F5EE-431C-B998-0B03E1DE5EDD}.Debug|Any CPU.ActiveCfg = Debug|Any CPU
		{BAEE9E26-F5EE-431C-B998-0B03E1DE5EDD}.Debug|Any CPU.Build.0 = Debug|Any CPU
		{BAEE9E26-F5EE-431C-B998-0B03E1DE5EDD}.Release|Any CPU.ActiveCfg = Release|Any CPU
		{BAEE9E26-F5EE-431C-B998-0B03E1DE5EDD}.Release|Any CPU.Build.0 = Release|Any CPU
	EndGlobalSection
	GlobalSection(SolutionProperties) = preSolution
		HideSolutionNode = FALSE
	EndGlobalSection
EndGlobal
